
Microsoft Visual Studio Solution File, Format Version 12.00
# Visual Studio Version 17
VisualStudioVersion = 17.14.37203.1 d17.14
MinimumVisualStudioVersion = 10.0.40219.1
Project("{888888A0-9F3D-457C-B088-3A5042F75D52}") = "SHIELD", "SHIELD\SHIELD.pyproj", "{FC7C048F-1D55-496B-B2ED-19436EF8A209}"
EndProject
Global
	GlobalSection(SolutionConfigurationPlatforms) = preSolution
		Debug|Any CPU = Debug|Any CPU
		Release|Any CPU = Release|Any CPU
	EndGlobalSection
	GlobalSection(ProjectConfigurationPlatforms) = postSolution
		{FC7C048F-1D55-496B-B2ED-19436EF8A209}.Debug|Any CPU.ActiveCfg = Debug|Any CPU
		{FC7C048F-1D55-496B-B2ED-19436EF8A209}.Release|Any CPU.ActiveCfg = Release|Any CPU
	EndGlobalSection
	GlobalSection(SolutionProperties) = preSolution
		HideSolutionNode = FALSE
	EndGlobalSection
	GlobalSection(ExtensibilityGlobals) = postSolution
		SolutionGuid = {32A1505B-4345-49D5-9CF2-04F13ED24E91}
	EndGlobalSection
EndGlobal
